
Microsoft Visual Studio Solution File, Format Version 12.00
# Visual Studio 15
VisualStudioVersion = 15.0.28307.1000
MinimumVisualStudioVersion = 10.0.40219.1
Project("{9A19103F-16F7-4668-BE54-9A1E7A4F7556}") = "compare files assignment", "compare files assignment.csproj", "{AF4F10E7-67C6-45BA-95DA-E29F576FB9DD}"
EndProject
Global
	GlobalSection(SolutionConfigurationPlatforms) = preSolution
		Debug|Any CPU = Debug|Any CPU
		Release|Any CPU = Release|Any CPU
	EndGlobalSection
	GlobalSection(ProjectConfigurationPlatforms) = postSolution
		{AF4F10E7-67C6-45BA-95DA-E29F576FB9DD}.Debug|Any CPU.ActiveCfg = Debug|Any CPU
		{AF4F10E7-67C6-45BA-95DA-E29F576FB9DD}.Debug|Any CPU.Build.0 = Debug|Any CPU
		{AF4F10E7-67C6-45BA-95DA-E29F576FB9DD}.Release|Any CPU.ActiveCfg = Release|Any CPU
		{AF4F10E7-67C6-45BA-95DA-E29F576FB9DD}.Release|Any CPU.Build.0 = Release|Any CPU
	EndGlobalSection
	GlobalSection(SolutionProperties) = preSolution
		HideSolutionNode = FALSE
	EndGlobalSection
	GlobalSection(ExtensibilityGlobals) = postSolution
		SolutionGuid = {C44AED47-0C05-42BD-87B2-08498183B2D8}
	EndGlobalSection
EndGlobal
